
Microsoft Visual Studio Solution File, Format Version 12.00
# Visual Studio Version 17
VisualStudioVersion = 17.14.36327.8
MinimumVisualStudioVersion = 10.0.40219.1
Project("{FAE04EC0-301F-11D3-BF4B-00C04F79EFBC}") = "PushDeliveredQueue.Core", "PushDeliveredQueue.Core\PushDeliveredQueue.Core.csproj", "{BF823E56-ED33-4322-9BB0-E6AB6F1E8C66}"
EndProject
Project("{FAE04EC0-301F-11D3-BF4B-00C04F79EFBC}") = "PushDeliveredQueue.AspNetCore", "PushDeliveredQueue.AspNetCore\PushDeliveredQueue.AspNetCore.csproj", "{FD161139-8E8B-4F12-8E35-187664F29B6C}"
EndProject
Project("{FAE04EC0-301F-11D3-BF4B-00C04F79EFBC}") = "PushDeliveredQueue.API", "PushDeliveredQueue.API\PushDeliveredQueue.API.csproj", "{9F62E96B-F403-41CA-A4B7-0F1A4D574E94}"
EndProject
Project("{FAE04EC0-301F-11D3-BF4B-00C04F79EFBC}") = "PushDeliveredQueue.UnitTests", "PushDeliveredQueue.UnitTests\PushDeliveredQueue.UnitTests.csproj", "{0EF8D19D-0225-4AA0-A1F6-8D41748A6904}"
EndProject
Project("{FAE04EC0-301F-11D3-BF4B-00C04F79EFBC}") = "PushDeliveredQueue.FunctionalTests", "PushDeliveredQueue.FunctionalTests\PushDeliveredQueue.FunctionalTests.csproj", "{1A2B3C4D-5E6F-7890-ABCD-EF1234567890}"
EndProject
Project("{FAE04EC0-301F-11D3-BF4B-00C04F79EFBC}") = "PushDeliveredQueue.Launcher", "PushDeliveredQueue.Launcher\PushDeliveredQueue.Launcher.csproj", "{3C4D5E6F-7890-1234-5678-9ABCDEF01234}"
EndProject
Project("{2150E333-8FDC-42A3-9474-1A3956D46DE8}") = ".docs", ".docs", "{02EA681E-C7D8-13C7-8484-4AC65E1B71E8}"
	ProjectSection(SolutionItems) = preProject
		LICENSE = LICENSE
		README.md = README.md
	EndProjectSection
EndProject
Project("{2150E333-8FDC-42A3-9474-1A3956D46DE8}") = "Tests", "Tests", "{9BA31AB2-CA05-4B57-B17F-59EE33C6BEEE}"
EndProject
Project("{2150E333-8FDC-42A3-9474-1A3956D46DE8}") = ".items", ".items", "{BA985095-1E6A-42BB-A6BA-46E787960585}"
	ProjectSection(SolutionItems) = preProject
		.editorconfig = .editorconfig
	EndProjectSection
EndProject
Project("{2150E333-8FDC-42A3-9474-1A3956D46DE8}") = "Dashboard", "Dashboard", "{7B755518-A588-4BC6-ABE8-E87C7AA94B11}"
EndProject
Project("{FAE04EC0-301F-11D3-BF4B-00C04F79EFBC}") = "PushDeliveredQueue.UI", "PushDeliveredQueue.UI\PushDeliveredQueue.UI.csproj", "{B8274002-681C-40C1-B9C7-051EFB72A6D6}"
EndProject
Project("{2150E333-8FDC-42A3-9474-1A3956D46DE8}") = ".github", ".github", "{8EC462FD-D22E-90A8-E5CE-7E832BA40C5D}"
	ProjectSection(SolutionItems) = preProject
		.github\workflows\ci.yml = .github\workflows\ci.yml
		.github\workflows\functional-tests.yml = .github\workflows\functional-tests.yml
		.github\workflows\unit-tests.yml = .github\workflows\unit-tests.yml
	EndProjectSection
EndProject
Global
	GlobalSection(SolutionConfigurationPlatforms) = preSolution
		Debug|Any CPU = Debug|Any CPU
		Debug|x64 = Debug|x64
		Debug|x86 = Debug|x86
		Release|Any CPU = Release|Any CPU
		Release|x64 = Release|x64
		Release|x86 = Release|x86
	EndGlobalSection
	GlobalSection(ProjectConfigurationPlatforms) = postSolution
		{BF823E56-ED33-4322-9BB0-E6AB6F1E8C66}.Debug|Any CPU.ActiveCfg = Debug|Any CPU
		{BF823E56-ED33-4322-9BB0-E6AB6F1E8C66}.Debug|Any CPU.Build.0 = Debug|Any CPU
		{BF823E56-ED33-4322-9BB0-E6AB6F1E8C66}.Debug|x64.ActiveCfg = Debug|Any CPU
		{BF823E56-ED33-4322-9BB0-E6AB6F1E8C66}.Debug|x64.Build.0 = Debug|Any CPU
		{BF823E56-ED33-4322-9BB0-E6AB6F1E8C66}.Debug|x86.ActiveCfg = Debug|Any CPU
		{BF823E56-ED33-4322-9BB0-E6AB6F1E8C66}.Debug|x86.Build.0 = Debug|Any CPU
		{BF823E56-ED33-4322-9BB0-E6AB6F1E8C66}.Release|Any CPU.ActiveCfg = Release|Any CPU
		{BF823E56-ED33-4322-9BB0-E6AB6F1E8C66}.Release|Any CPU.Build.0 = Release|Any CPU
		{BF823E56-ED33-4322-9BB0-E6AB6F1E8C66}.Release|x64.ActiveCfg = Release|Any CPU
		{BF823E56-ED33-4322-9BB0-E6AB6F1E8C66}.Release|x64.Build.0 = Release|Any CPU
		{BF823E56-ED33-4322-9BB0-E6AB6F1E8C66}.Release|x86.ActiveCfg = Release|Any CPU
		{BF823E56-ED33-4322-9BB0-E6AB6F1E8C66}.Release|x86.Build.0 = Release|Any CPU
		{FD161139-8E8B-4F12-8E35-187664F29B6C}.Debug|Any CPU.ActiveCfg = Debug|Any CPU
		{FD161139-8E8B-4F12-8E35-187664F29B6C}.Debug|Any CPU.Build.0 = Debug|Any CPU
		{FD161139-8E8B-4F12-8E35-187664F29B6C}.Debug|x64.ActiveCfg = Debug|Any CPU
		{FD161139-8E8B-4F12-8E35-187664F29B6C}.Debug|x64.Build.0 = Debug|Any CPU
		{FD161139-8E8B-4F12-8E35-187664F29B6C}.Debug|x86.ActiveCfg = Debug|Any CPU
		{FD161139-8E8B-4F12-8E35-187664F29B6C}.Debug|x86.Build.0 = Debug|Any CPU
		{FD161139-8E8B-4F12-8E35-187664F29B6C}.Release|Any CPU.ActiveCfg = Release|Any CPU
		{FD161139-8E8B-4F12-8E35-187664F29B6C}.Release|Any CPU.Build.0 = Release|Any CPU
		{FD161139-8E8B-4F12-8E35-187664F29B6C}.Release|x64.ActiveCfg = Release|Any CPU
		{FD161139-8E8B-4F12-8E35-187664F29B6C}.Release|x64.Build.0 = Release|Any CPU
		{FD161139-8E8B-4F12-8E35-187664F29B6C}.Release|x86.ActiveCfg = Release|Any CPU
		{FD161139-8E8B-4F12-8E35-187664F29B6C}.Release|x86.Build.0 = Release|Any CPU
		{9F62E96B-F403-41CA-A4B7-0F1A4D574E94}.Debug|Any CPU.ActiveCfg = Debug|Any CPU
		{9F62E96B-F403-41CA-A4B7-0F1A4D574E94}.Debug|Any CPU.Build.0 = Debug|Any CPU
		{9F62E96B-F403-41CA-A4B7-0F1A4D574E94}.Debug|x64.ActiveCfg = Debug|Any CPU
		{9F62E96B-F403-41CA-A4B7-0F1A4D574E94}.Debug|x64.Build.0 = Debug|Any CPU
		{9F62E96B-F403-41CA-A4B7-0F1A4D574E94}.Debug|x86.ActiveCfg = Debug|Any CPU
		{9F62E96B-F403-41CA-A4B7-0F1A4D574E94}.Debug|x86.Build.0 = Debug|Any CPU
		{9F62E96B-F403-41CA-A4B7-0F1A4D574E94}.Release|Any CPU.ActiveCfg = Release|Any CPU
		{9F62E96B-F403-41CA-A4B7-0F1A4D574E94}.Release|Any CPU.Build.0 = Release|Any CPU
		{9F62E96B-F403-41CA-A4B7-0F1A4D574E94}.Release|x64.ActiveCfg = Release|Any CPU
		{9F62E96B-F403-41CA-A4B7-0F1A4D574E94}.Release|x64.Build.0 = Release|Any CPU
		{9F62E96B-F403-41CA-A4B7-0F1A4D574E94}.Release|x86.ActiveCfg = Release|Any CPU
		{9F62E96B-F403-41CA-A4B7-0F1A4D574E94}.Release|x86.Build.0 = Release|Any CPU
		{0EF8D19D-0225-4AA0-A1F6-8D41748A6904}.Debug|Any CPU.ActiveCfg = Debug|Any CPU
		{0EF8D19D-0225-4AA0-A1F6-8D41748A6904}.Debug|Any CPU.Build.0 = Debug|Any CPU
		{0EF8D19D-0225-4AA0-A1F6-8D41748A6904}.Debug|x64.ActiveCfg = Debug|Any CPU
		{0EF8D19D-0225-4AA0-A1F6-8D41748A6904}.Debug|x64.Build.0 = Debug|Any CPU
		{0EF8D19D-0225-4AA0-A1F6-8D41748A6904}.Debug|x86.ActiveCfg = Debug|Any CPU
		{0EF8D19D-0225-4AA0-A1F6-8D41748A6904}.Debug|x86.Build.0 = Debug|Any CPU
		{0EF8D19D-0225-4AA0-A1F6-8D41748A6904}.Release|Any CPU.ActiveCfg = Release|Any CPU
		{0EF8D19D-0225-4AA0-A1F6-8D41748A6904}.Release|Any CPU.Build.0 = Release|Any CPU
		{0EF8D19D-0225-4AA0-A1F6-8D41748A6904}.Release|x64.ActiveCfg = Release|Any CPU
		{0EF8D19D-0225-4AA0-A1F6-8D41748A6904}.Release|x64.Build.0 = Release|Any CPU
		{0EF8D19D-0225-4AA0-A1F6-8D41748A6904}.Release|x86.ActiveCfg = Release|Any CPU
		{0EF8D19D-0225-4AA0-A1F6-8D41748A6904}.Release|x86.Build.0 = Release|Any CPU
		{1A2B3C4D-5E6F-7890-ABCD-EF1234567890}.Debug|Any CPU.ActiveCfg = Debug|Any CPU
		{1A2B3C4D-5E6F-7890-ABCD-EF1234567890}.Debug|Any CPU.Build.0 = Debug|Any CPU
		{1A2B3C4D-5E6F-7890-ABCD-EF1234567890}.Debug|x64.ActiveCfg = Debug|Any CPU
		{1A2B3C4D-5E6F-7890-ABCD-EF1234567890}.Debug|x64.Build.0 = Debug|Any CPU
		{1A2B3C4D-5E6F-7890-ABCD-EF1234567890}.Debug|x86.ActiveCfg = Debug|Any CPU
		{1A2B3C4D-5E6F-7890-ABCD-EF1234567890}.Debug|x86.Build.0 = Debug|Any CPU
		{1A2B3C4D-5E6F-7890-ABCD-EF1234567890}.Release|Any CPU.ActiveCfg = Release|Any CPU
		{1A2B3C4D-5E6F-7890-ABCD-EF1234567890}.Release|Any CPU.Build.0 = Release|Any CPU
		{1A2B3C4D-5E6F-7890-ABCD-EF1234567890}.Release|x64.ActiveCfg = Release|Any CPU
		{1A2B3C4D-5E6F-7890-ABCD-EF1234567890}.Release|x64.Build.0 = Release|Any CPU
		{1A2B3C4D-5E6F-7890-ABCD-EF1234567890}.Release|x86.ActiveCfg = Release|Any CPU
		{1A2B3C4D-5E6F-7890-ABCD-EF1234567890}.Release|x86.Build.0 = Release|Any CPU
		{3C4D5E6F-7890-1234-5678-9ABCDEF01234}.Debug|Any CPU.ActiveCfg = Debug|Any CPU
		{3C4D5E6F-7890-1234-5678-9ABCDEF01234}.Debug|Any CPU.Build.0 = Debug|Any CPU
		{3C4D5E6F-7890-1234-5678-9ABCDEF01234}.Debug|x64.ActiveCfg = Debug|Any CPU
		{3C4D5E6F-7890-1234-5678-9ABCDEF01234}.Debug|x64.Build.0 = Debug|Any CPU
		{3C4D5E6F-7890-1234-5678-9ABCDEF01234}.Debug|x86.ActiveCfg = Debug|Any CPU
		{3C4D5E6F-7890-1234-5678-9ABCDEF01234}.Debug|x86.Build.0 = Debug|Any CPU
		{3C4D5E6F-7890-1234-5678-9ABCDEF01234}.Release|Any CPU.ActiveCfg = Release|Any CPU
		{3C4D5E6F-7890-1234-5678-9ABCDEF01234}.Release|Any CPU.Build.0 = Release|Any CPU
		{3C4D5E6F-7890-1234-5678-9ABCDEF01234}.Release|x64.ActiveCfg = Release|Any CPU
		{3C4D5E6F-7890-1234-5678-9ABCDEF01234}.Release|x64.Build.0 = Release|Any CPU
		{3C4D5E6F-7890-1234-5678-9ABCDEF01234}.Release|x86.ActiveCfg = Release|Any CPU
		{3C4D5E6F-7890-1234-5678-9ABCDEF01234}.Release|x86.Build.0 = Release|Any CPU
		{B8274002-681C-40C1-B9C7-051EFB72A6D6}.Debug|Any CPU.ActiveCfg = Debug|Any CPU
		{B8274002-681C-40C1-B9C7-051EFB72A6D6}.Debug|Any CPU.Build.0 = Debug|Any CPU
		{B8274002-681C-40C1-B9C7-051EFB72A6D6}.Debug|x64.ActiveCfg = Debug|Any CPU
		{B8274002-681C-40C1-B9C7-051EFB72A6D6}.Debug|x64.Build.0 = Debug|Any CPU
		{B8274002-681C-40C1-B9C7-051EFB72A6D6}.Debug|x86.ActiveCfg = Debug|Any CPU
		{B8274002-681C-40C1-B9C7-051EFB72A6D6}.Debug|x86.Build.0 = Debug|Any CPU
		{B8274002-681C-40C1-B9C7-051EFB72A6D6}.Release|Any CPU.ActiveCfg = Release|Any CPU
		{B8274002-681C-40C1-B9C7-051EFB72A6D6}.Release|Any CPU.Build.0 = Release|Any CPU
		{B8274002-681C-40C1-B9C7-051EFB72A6D6}.Release|x64.ActiveCfg = Release|Any CPU
		{B8274002-681C-40C1-B9C7-051EFB72A6D6}.Release|x64.Build.0 = Release|Any CPU
		{B8274002-681C-40C1-B9C7-051EFB72A6D6}.Release|x86.ActiveCfg = Release|Any CPU
		{B8274002-681C-40C1-B9C7-051EFB72A6D6}.Release|x86.Build.0 = Release|Any CPU
	EndGlobalSection
	GlobalSection(SolutionProperties) = preSolution
		HideSolutionNode = FALSE
	EndGlobalSection
	GlobalSection(NestedProjects) = preSolution
		{9F62E96B-F403-41CA-A4B7-0F1A4D574E94} = {7B755518-A588-4BC6-ABE8-E87C7AA94B11}
		{0EF8D19D-0225-4AA0-A1F6-8D41748A6904} = {9BA31AB2-CA05-4B57-B17F-59EE33C6BEEE}
		{1A2B3C4D-5E6F-7890-ABCD-EF1234567890} = {9BA31AB2-CA05-4B57-B17F-59EE33C6BEEE}
		{3C4D5E6F-7890-1234-5678-9ABCDEF01234} = {7B755518-A588-4BC6-ABE8-E87C7AA94B11}
		{B8274002-681C-40C1-B9C7-051EFB72A6D6} = {7B755518-A588-4BC6-ABE8-E87C7AA94B11}
	EndGlobalSection
	GlobalSection(ExtensibilityGlobals) = postSolution
		SolutionGuid = {BA4F45B9-004D-48F6-A9F2-D55F2032BD36}
	EndGlobalSection
EndGlobal
